
Microsoft Visual Studio Solution File, Format Version 12.00
# Visual Studio Version 16
VisualStudioVersion = 16.0.29613.14
MinimumVisualStudioVersion = 10.0.40219.1
Project("{FAE04EC0-301F-11D3-BF4B-00C04F79EFBC}") = "Server", "Server\Server.csproj", "{C761CB50-D95A-485B-A090-24F0A47812A4}"
EndProject
Project("{FAE04EC0-301F-11D3-BF4B-00C04F79EFBC}") = "Client", "Client\Client.csproj", "{6F739D3D-AECB-4491-B03A-A6A7F971BFA7}"
EndProject
Project("{2150E333-8FDC-42A3-9474-1A3956D46DE8}") = "Solution Items", "Solution Items", "{CDEFCE3A-CA2B-42C6-A8DC-7DCD3427645A}"
	ProjectSection(SolutionItems) = preProject
		CommunicationHeader.cs = CommunicationHeader.cs
	EndProjectSection
EndProject
Global
	GlobalSection(SolutionConfigurationPlatforms) = preSolution
		Debug|Any CPU = Debug|Any CPU
		Release|Any CPU = Release|Any CPU
	EndGlobalSection
	GlobalSection(ProjectConfigurationPlatforms) = postSolution
		{C761CB50-D95A-485B-A090-24F0A47812A4}.Debug|Any CPU.ActiveCfg = Debug|Any CPU
		{C761CB50-D95A-485B-A090-24F0A47812A4}.Debug|Any CPU.Build.0 = Debug|Any CPU
		{C761CB50-D95A-485B-A090-24F0A47812A4}.Release|Any CPU.ActiveCfg = Release|Any CPU
		{C761CB50-D95A-485B-A090-24F0A47812A4}.Release|Any CPU.Build.0 = Release|Any CPU
		{6F739D3D-AECB-4491-B03A-A6A7F971BFA7}.Debug|Any CPU.ActiveCfg = Debug|Any CPU
		{6F739D3D-AECB-4491-B03A-A6A7F971BFA7}.Debug|Any CPU.Build.0 = Debug|Any CPU
		{6F739D3D-AECB-4491-B03A-A6A7F971BFA7}.Release|Any CPU.ActiveCfg = Release|Any CPU
		{6F739D3D-AECB-4491-B03A-A6A7F971BFA7}.Release|Any CPU.Build.0 = Release|Any CPU
	EndGlobalSection
	GlobalSection(SolutionProperties) = preSolution
		HideSolutionNode = FALSE
	EndGlobalSection
	GlobalSection(ExtensibilityGlobals) = postSolution
		SolutionGuid = {53A41270-559F-435E-8AE2-F520487E6077}
	EndGlobalSection
EndGlobal
